
Microsoft Visual Studio Solution File, Format Version 12.00
# Visual Studio 14
VisualStudioVersion = 14.0.25123.0
MinimumVisualStudioVersion = 10.0.40219.1
Project("{FAE04EC0-301F-11D3-BF4B-00C04F79EFBC}") = "npclsharp", "npclsharp\npclsharp.csproj", "{40D4718A-5FA1-43EE-85F9-EA9DAE4C2B96}"
EndProject
Project("{FAE04EC0-301F-11D3-BF4B-00C04F79EFBC}") = "npclsharp.test", "npclsharp.test\npclsharp.test.csproj", "{28793D40-0BE5-4E80-8FA7-E135B119B1F5}"
	ProjectSection(ProjectDependencies) = postProject
		{40D4718A-5FA1-43EE-85F9-EA9DAE4C2B96} = {40D4718A-5FA1-43EE-85F9-EA9DAE4C2B96}
	EndProjectSection
EndProject
Project("{FAE04EC0-301F-11D3-BF4B-00C04F79EFBC}") = "npclsharp.wpfdemo", "npclsharp.wpfdemo\npclsharp.wpfdemo.csproj", "{274B0640-F6F6-42ED-93B2-D10C07850FB9}"
EndProject
Project("{FAE04EC0-301F-11D3-BF4B-00C04F79EFBC}") = "npclsharp.unittesting", "npclsharp.unittesting\npclsharp.unittesting.csproj", "{7DDB1E53-8F60-4435-A222-C8FB943329F3}"
EndProject
Global
	GlobalSection(SolutionConfigurationPlatforms) = preSolution
		Debug|Any CPU = Debug|Any CPU
		Release|Any CPU = Release|Any CPU
	EndGlobalSection
	GlobalSection(ProjectConfigurationPlatforms) = postSolution
		{40D4718A-5FA1-43EE-85F9-EA9DAE4C2B96}.Debug|Any CPU.ActiveCfg = Debug|Any CPU
		{40D4718A-5FA1-43EE-85F9-EA9DAE4C2B96}.Debug|Any CPU.Build.0 = Debug|Any CPU
		{40D4718A-5FA1-43EE-85F9-EA9DAE4C2B96}.Release|Any CPU.ActiveCfg = Release|Any CPU
		{40D4718A-5FA1-43EE-85F9-EA9DAE4C2B96}.Release|Any CPU.Build.0 = Release|Any CPU
		{28793D40-0BE5-4E80-8FA7-E135B119B1F5}.Debug|Any CPU.ActiveCfg = Debug|Any CPU
		{28793D40-0BE5-4E80-8FA7-E135B119B1F5}.Debug|Any CPU.Build.0 = Debug|Any CPU
		{28793D40-0BE5-4E80-8FA7-E135B119B1F5}.Release|Any CPU.ActiveCfg = Release|Any CPU
		{28793D40-0BE5-4E80-8FA7-E135B119B1F5}.Release|Any CPU.Build.0 = Release|Any CPU
		{274B0640-F6F6-42ED-93B2-D10C07850FB9}.Debug|Any CPU.ActiveCfg = Debug|Any CPU
		{274B0640-F6F6-42ED-93B2-D10C07850FB9}.Debug|Any CPU.Build.0 = Debug|Any CPU
		{274B0640-F6F6-42ED-93B2-D10C07850FB9}.Release|Any CPU.ActiveCfg = Release|Any CPU
		{274B0640-F6F6-42ED-93B2-D10C07850FB9}.Release|Any CPU.Build.0 = Release|Any CPU
		{7DDB1E53-8F60-4435-A222-C8FB943329F3}.Debug|Any CPU.ActiveCfg = Debug|Any CPU
		{7DDB1E53-8F60-4435-A222-C8FB943329F3}.Debug|Any CPU.Build.0 = Debug|Any CPU
		{7DDB1E53-8F60-4435-A222-C8FB943329F3}.Release|Any CPU.ActiveCfg = Release|Any CPU
		{7DDB1E53-8F60-4435-A222-C8FB943329F3}.Release|Any CPU.Build.0 = Release|Any CPU
	EndGlobalSection
	GlobalSection(SolutionProperties) = preSolution
		HideSolutionNode = FALSE
	EndGlobalSection
EndGlobal
